// !$*UTF8*$!
{
	archiveVersion = 1;
	classes = {
	};
	objectVersion = 46;
	objects = {

/* Begin PBXBuildFile section */
		6662C13B1B84DEE000D4997B /* AppDelegate.swift in Sources */ = {isa = PBXBuildFile; fileRef = 6662C13A1B84DEE000D4997B /* AppDelegate.swift */; };
		6662C13E1B84DEE000D4997B /* Newsy.xcdatamodeld in Sources */ = {isa = PBXBuildFile; fileRef = 6662C13C1B84DEE000D4997B /* Newsy.xcdatamodeld */; };
		6662C1401B84DEE000D4997B /* ViewController.swift in Sources */ = {isa = PBXBuildFile; fileRef = 6662C13F1B84DEE000D4997B /* ViewController.swift */; };
		6662C1431B84DEE000D4997B /* Main.storyboard in Resources */ = {isa = PBXBuildFile; fileRef = 6662C1411B84DEE000D4997B /* Main.storyboard */; };
		6662C1451B84DEE000D4997B /* Images.xcassets in Resources */ = {isa = PBXBuildFile; fileRef = 6662C1441B84DEE000D4997B /* Images.xcassets */; };
		6662C1481B84DEE000D4997B /* LaunchScreen.xib in Resources */ = {isa = PBXBuildFile; fileRef = 6662C1461B84DEE000D4997B /* LaunchScreen.xib */; };
		6662C1541B84DEE000D4997B /* NewsyTests.swift in Sources */ = {isa = PBXBuildFile; fileRef = 6662C1531B84DEE000D4997B /* NewsyTests.swift */; };
/* End PBXBuildFile section */

/* Begin PBXContainerItemProxy section */
		6662C14E1B84DEE000D4997B /* PBXContainerItemProxy */ = {
			isa = PBXContainerItemProxy;
			containerPortal = 6662C12D1B84DEE000D4997B /* Project object */;
			proxyType = 1;
			remoteGlobalIDString = 6662C1341B84DEE000D4997B;
			remoteInfo = Newsy;
		};
/* End PBXContainerItemProxy section */

/* Begin PBXFileReference section */
		6662C1351B84DEE000D4997B /* Newsy.app */ = {isa = PBXFileReference; explicitFileType = wrapper.application; includeInIndex = 0; path = Newsy.app; sourceTree = BUILT_PRODUCTS_DIR; };
		6662C1391B84DEE000D4997B /* Info.plist */ = {isa = PBXFileReference; lastKnownFileType = text.plist.xml; path = Info.plist; sourceTree = "<group>"; };
		6662C13A1B84DEE000D4997B /* AppDelegate.swift */ = {isa = PBXFileReference; lastKnownFileType = sourcecode.swift; path = AppDelegate.swift; sourceTree = "<group>"; };
		6662C13D1B84DEE000D4997B /* Newsy.xcdatamodel */ = {isa = PBXFileReference; lastKnownFileType = wrapper.xcdatamodel; path = Newsy.xcdatamodel; sourceTree = "<group>"; };
		6662C13F1B84DEE000D4997B /* ViewController.swift */ = {isa = PBXFileReference; lastKnownFileType = sourcecode.swift; path = ViewController.swift; sourceTree = "<group>"; };
		6662C1421B84DEE000D4997B /* Base */ = {isa = PBXFileReference; lastKnownFileType = file.storyboard; name = Base; path = Base.lproj/Main.storyboard; sourceTree = "<group>"; };
		6662C1441B84DEE000D4997B /* Images.xcassets */ = {isa = PBXFileReference; lastKnownFileType = folder.assetcatalog; path = Images.xcassets; sourceTree = "<group>"; };
		6662C1471B84DEE000D4997B /* Base */ = {isa = PBXFileReference; lastKnownFileType = file.xib; name = Base; path = Base.lproj/LaunchScreen.xib; sourceTree = "<group>"; };
		6662C14D1B84DEE000D4997B /* NewsyTests.xctest */ = {isa = PBXFileReference; explicitFileType = wrapper.cfbundle; includeInIndex = 0; path = NewsyTests.xctest; sourceTree = BUILT_PRODUCTS_DIR; };
		6662C1521B84DEE000D4997B /* Info.plist */ = {isa = PBXFileReference; lastKnownFileType = text.plist.xml; path = Info.plist; sourceTree = "<group>"; };
		6662C1531B84DEE000D4997B /* NewsyTests.swift */ = {isa = PBXFileReference; lastKnownFileType = sourcecode.swift; path = NewsyTests.swift; sourceTree = "<group>"; };
/* End PBXFileReference section */

/* Begin PBXFrameworksBuildPhase section */
		6662C1321B84DEE000D4997B /* Frameworks */ = {
			isa = PBXFrameworksBuildPhase;
			buildActionMask = 2147483647;
			files = (
			);
			runOnlyForDeploymentPostprocessing = 0;
		};
		6662C14A1B84DEE000D4997B /* Frameworks */ = {
			isa = PBXFrameworksBuildPhase;
			buildActionMask = 2147483647;
			files = (
			);
			runOnlyForDeploymentPostprocessing = 0;
		};
/* End PBXFrameworksBuildPhase section */

/* Begin PBXGroup section */
		6662C12C1B84DEDF00D4997B = {
			isa = PBXGroup;
			children = (
				6662C1371B84DEE000D4997B /* Newsy */,
				6662C1501B84DEE000D4997B /* NewsyTests */,
				6662C1361B84DEE000D4997B /* Products */,
			);
			sourceTree = "<group>";
		};
		6662C1361B84DEE000D4997B /* Products */ = {
			isa = PBXGroup;
			children = (
				6662C1351B84DEE000D4997B /* Newsy.app */,
				6662C14D1B84DEE000D4997B /* NewsyTests.xctest */,
			);
			name = Products;
			sourceTree = "<group>";
		};
		6662C1371B84DEE000D4997B /* Newsy */ = {
			isa = PBXGroup;
			children = (
				6662C13A1B84DEE000D4997B /* AppDelegate.swift */,
				6662C13F1B84DEE000D4997B /* ViewController.swift */,
				6662C1411B84DEE000D4997B /* Main.storyboard */,
				6662C1441B84DEE000D4997B /* Images.xcassets */,
				6662C1461B84DEE000D4997B /* LaunchScreen.xib */,
				6662C13C1B84DEE000D4997B /* Newsy.xcdatamodeld */,
				6662C1381B84DEE000D4997B /* Supporting Files */,
			);
			path = Newsy;
			sourceTree = "<group>";
		};
		6662C1381B84DEE000D4997B /* Supporting Files */ = {
			isa = PBXGroup;
			children = (
				6662C1391B84DEE000D4997B /* Info.plist */,
			);
			name = "Supporting Files";
			sourceTree = "<group>";
		};
		6662C1501B84DEE000D4997B /* NewsyTests */ = {
			isa = PBXGroup;
			children = (
				6662C1531B84DEE000D4997B /* NewsyTests.swift */,
				6662C1511B84DEE000D4997B /* Supporting Files */,
			);
			path = NewsyTests;
			sourceTree = "<group>";
		};
		6662C1511B84DEE000D4997B /* Supporting Files */ = {
			isa = PBXGroup;
			children = (
				6662C1521B84DEE000D4997B /* Info.plist */,
			);
			name = "Supporting Files";
			sourceTree = "<group>";
		};
/* End PBXGroup section */

/* Begin PBXNativeTarget section */
		6662C1341B84DEE000D4997B /* Newsy */ = {
			isa = PBXNativeTarget;
			buildConfigurationList = 6662C1571B84DEE000D4997B /* Build configuration list for PBXNativeTarget "Newsy" */;
			buildPhases = (
				6662C1311B84DEE000D4997B /* Sources */,
				6662C1321B84DEE000D4997B /* Frameworks */,
				6662C1331B84DEE000D4997B /* Resources */,
			);
			buildRules = (
			);
			dependencies = (
			);
			name = Newsy;
			productName = Newsy;
			productReference = 6662C1351B84DEE000D4997B /* Newsy.app */;
			productType = "com.apple.product-type.application";
		};
		6662C14C1B84DEE000D4997B /* NewsyTests */ = {
			isa = PBXNativeTarget;
			buildConfigurationList = 6662C15A1B84DEE000D4997B /* Build configuration list for PBXNativeTarget "NewsyTests" */;
			buildPhases = (
				6662C1491B84DEE000D4997B /* Sources */,
				6662C14A1B84DEE000D4997B /* Frameworks */,
				6662C14B1B84DEE000D4997B /* Resources */,
			);
			buildRules = (
			);
			dependencies = (
				6662C14F1B84DEE000D4997B /* PBXTargetDependency */,
			);
			name = NewsyTests;
			productName = NewsyTests;
			productReference = 6662C14D1B84DEE000D4997B /* NewsyTests.xctest */;
			productType = "com.apple.product-type.bundle.unit-test";
		};
/* End PBXNativeTarget section */

/* Begin PBXProject section */
		6662C12D1B84DEE000D4997B /* Project object */ = {
			isa = PBXProject;
			attributes = {
				LastUpgradeCheck = 0640;
				ORGANIZATIONNAME = "Rock Solid Bits";
				TargetAttributes = {
					6662C1341B84DEE000D4997B = {
						CreatedOnToolsVersion = 6.4;
					};
					6662C14C1B84DEE000D4997B = {
						CreatedOnToolsVersion = 6.4;
						TestTargetID = 6662C1341B84DEE000D4997B;
					};
				};
			};
			buildConfigurationList = 6662C1301B84DEE000D4997B /* Build configuration list for PBXProject "Newsy" */;
			compatibilityVersion = "Xcode 3.2";
			developmentRegion = English;
			hasScannedForEncodings = 0;
			knownRegions = (
				en,
				Base,
			);
			mainGroup = 6662C12C1B84DEDF00D4997B;
			productRefGroup = 6662C1361B84DEE000D4997B /* Products */;
			projectDirPath = "";
			projectRoot = "";
			targets = (
				6662C1341B84DEE000D4997B /* Newsy */,
				6662C14C1B84DEE000D4997B /* NewsyTests */,
			);
		};
/* End PBXProject section */

/* Begin PBXResourcesBuildPhase section */
		6662C1331B84DEE000D4997B /* Resources */ = {
			isa = PBXResourcesBuildPhase;
			buildActionMask = 2147483647;
			files = (
				6662C1431B84DEE000D4997B /* Main.storyboard in Resources */,
				6662C1481B84DEE000D4997B /* LaunchScreen.xib in Resources */,
				6662C1451B84DEE000D4997B /* Images.xcassets in Resources */,
			);
			runOnlyForDeploymentPostprocessing = 0;
		};
		6662C14B1B84DEE000D4997B /* Resources */ = {
			isa = PBXResourcesBuildPhase;
			buildActionMask = 2147483647;
			files = (
			);
			runOnlyForDeploymentPostprocessing = 0;
		};
/* End PBXResourcesBuildPhase section */

/* Begin PBXSourcesBuildPhase section */
		6662C1311B84DEE000D4997B /* Sources */ = {
			isa = PBXSourcesBuildPhase;
			buildActionMask = 2147483647;
			files = (
				6662C1401B84DEE000D4997B /* ViewController.swift in Sources */,
				6662C13E1B84DEE000D4997B /* Newsy.xcdatamodeld in Sources */,
				6662C13B1B84DEE000D4997B /* AppDelegate.swift in Sources */,
			);
			runOnlyForDeploymentPostprocessing = 0;
		};
		6662C1491B84DEE000D4997B /* Sources */ = {
			isa = PBXSourcesBuildPhase;
			buildActionMask = 2147483647;
			files = (
				6662C1541B84DEE000D4997B /* NewsyTests.swift in Sources */,
			);
			runOnlyForDeploymentPostprocessing = 0;
		};
/* End PBXSourcesBuildPhase section */

/* Begin PBXTargetDependency section */
		6662C14F1B84DEE000D4997B /* PBXTargetDependency */ = {
			isa = PBXTargetDependency;
			target = 6662C1341B84DEE000D4997B /* Newsy */;
			targetProxy = 6662C14E1B84DEE000D4997B /* PBXContainerItemProxy */;
		};
/* End PBXTargetDependency section */

/* Begin PBXVariantGroup section */
		6662C1411B84DEE000D4997B /* Main.storyboard */ = {
			isa = PBXVariantGroup;
			children = (
				6662C1421B84DEE000D4997B /* Base */,
			);
			name = Main.storyboard;
			sourceTree = "<group>";
		};
		6662C1461B84DEE000D4997B /* LaunchScreen.xib */ = {
			isa = PBXVariantGroup;
			children = (
				6662C1471B84DEE000D4997B /* Base */,
			);
			name = LaunchScreen.xib;
			sourceTree = "<group>";
		};
/* End PBXVariantGroup section */

/* Begin XCBuildConfiguration section */
		6662C1551B84DEE000D4997B /* Debug */ = {
			isa = XCBuildConfiguration;
			buildSettings = {
				ALWAYS_SEARCH_USER_PATHS = NO;
				CLANG_CXX_LANGUAGE_STANDARD = "gnu++0x";
				CLANG_CXX_LIBRARY = "libc++";
				CLANG_ENABLE_MODULES = YES;
				CLANG_ENABLE_OBJC_ARC = YES;
				CLANG_WARN_BOOL_CONVERSION = YES;
				CLANG_WARN_CONSTANT_CONVERSION = YES;
				CLANG_WARN_DIRECT_OBJC_ISA_USAGE = YES_ERROR;
				CLANG_WARN_EMPTY_BODY = YES;
				CLANG_WARN_ENUM_CONVERSION = YES;
				CLANG_WARN_INT_CONVERSION = YES;
				CLANG_WARN_OBJC_ROOT_CLASS = YES_ERROR;
				CLANG_WARN_UNREACHABLE_CODE = YES;
				CLANG_WARN__DUPLICATE_METHOD_MATCH = YES;
				"CODE_SIGN_IDENTITY[sdk=iphoneos*]" = "iPhone Developer";
				COPY_PHASE_STRIP = NO;
				DEBUG_INFORMATION_FORMAT = "dwarf-with-dsym";
				ENABLE_STRICT_OBJC_MSGSEND = YES;
				GCC_C_LANGUAGE_STANDARD = gnu99;
				GCC_DYNAMIC_NO_PIC = NO;
				GCC_NO_COMMON_BLOCKS = YES;
				GCC_OPTIMIZATION_LEVEL = 0;
				GCC_PREPROCESSOR_DEFINITIONS = (
					"DEBUG=1",
					"$(inherited)",
				);
				GCC_SYMBOLS_PRIVATE_EXTERN = NO;
				GCC_WARN_64_TO_32_BIT_CONVERSION = YES;
				GCC_WARN_ABOUT_RETURN_TYPE = YES_ERROR;
				GCC_WARN_UNDECLARED_SELECTOR = YES;
				GCC_WARN_UNINITIALIZED_AUTOS = YES_AGGRESSIVE;
				GCC_WARN_UNUSED_FUNCTION = YES;
				GCC_WARN_UNUSED_VARIABLE = YES;
				IPHONEOS_DEPLOYMENT_TARGET = 8.4;
				MTL_ENABLE_DEBUG_INFO = YES;
				ONLY_ACTIVE_ARCH = YES;
				SDKROOT = iphoneos;
				SWIFT_OPTIMIZATION_LEVEL = "-Onone";
				TARGETED_DEVICE_FAMILY = "1,2";
			};
			name = Debug;
		};
		6662C1561B84DEE000D4997B /* Release */ = {
			isa = XCBuildConfiguration;
			buildSettings = {
				ALWAYS_SEARCH_USER_PATHS = NO;
				CLANG_CXX_LANGUAGE_STANDARD = "gnu++0x";
				CLANG_CXX_LIBRARY = "libc++";
				CLANG_ENABLE_MODULES = YES;
				CLANG_ENABLE_OBJC_ARC = YES;
				CLANG_WARN_BOOL_CONVERSION = YES;
				CLANG_WARN_CONSTANT_CONVERSION = YES;
				CLANG_WARN_DIRECT_OBJC_ISA_USAGE = YES_ERROR;
				CLANG_WARN_EMPTY_BODY = YES;
				CLANG_WARN_ENUM_CONVERSION = YES;
				CLANG_WARN_INT_CONVERSION = YES;
				CLANG_WARN_OBJC_ROOT_CLASS = YES_ERROR;
				CLANG_WARN_UNREACHABLE_CODE = YES;
				CLANG_WARN__DUPLICATE_METHOD_MATCH = YES;
				"CODE_SIGN_IDENTITY[sdk=iphoneos*]" = "iPhone Developer";
				COPY_PHASE_STRIP = NO;
				DEBUG_INFORMATION_FORMAT = "dwarf-with-dsym";
				ENABLE_NS_ASSERTIONS = NO;
				ENABLE_STRICT_OBJC_MSGSEND = YES;
				GCC_C_LANGUAGE_STANDARD = gnu99;
				GCC_NO_COMMON_BLOCKS = YES;
				GCC_WARN_64_TO_32_BIT_CONVERSION = YES;
				GCC_WARN_ABOUT_RETURN_TYPE = YES_ERROR;
				GCC_WARN_UNDECLARED_SELECTOR = YES;
				GCC_WARN_UNINITIALIZED_AUTOS = YES_AGGRESSIVE;
				GCC_WARN_UNUSED_FUNCTION = YES;
				GCC_WARN_UNUSED_VARIABLE = YES;
				IPHONEOS_DEPLOYMENT_TARGET = 8.4;
				MTL_ENABLE_DEBUG_INFO = NO;
				SDKROOT = iphoneos;
				TARGETED_DEVICE_FAMILY = "1,2";
				VALIDATE_PRODUCT = YES;
			};
			name = Release;
		};
		6662C1581B84DEE000D4997B /* Debug */ = {
			isa = XCBuildConfiguration;
			buildSettings = {
				ASSETCATALOG_COMPILER_APPICON_NAME = AppIcon;
				INFOPLIST_FILE = Newsy/Info.plist;
				LD_RUNPATH_SEARCH_PATHS = "$(inherited) @executable_path/Frameworks";
				PRODUCT_NAME = "$(TARGET_NAME)";
			};
			name = Debug;
		};
		6662C1591B84DEE000D4997B /* Release */ = {
			isa = XCBuildConfiguration;
			buildSettings = {
				ASSETCATALOG_COMPILER_APPICON_NAME = AppIcon;
				INFOPLIST_FILE = Newsy/Info.plist;
				LD_RUNPATH_SEARCH_PATHS = "$(inherited) @executable_path/Frameworks";
				PRODUCT_NAME = "$(TARGET_NAME)";
			};
			name = Release;
		};
		6662C15B1B84DEE000D4997B /* Debug */ = {
			isa = XCBuildConfiguration;
			buildSettings = {
				BUNDLE_LOADER = "$(TEST_HOST)";
				FRAMEWORK_SEARCH_PATHS = (
					"$(SDKROOT)/Developer/Library/Frameworks",
					"$(inherited)",
				);
				GCC_PREPROCESSOR_DEFINITIONS = (
					"DEBUG=1",
					"$(inherited)",
				);
				INFOPLIST_FILE = NewsyTests/Info.plist;
				LD_RUNPATH_SEARCH_PATHS = "$(inherited) @executable_path/Frameworks @loader_path/Frameworks";
				PRODUCT_NAME = "$(TARGET_NAME)";
				TEST_HOST = "$(BUILT_PRODUCTS_DIR)/Newsy.app/Newsy";
			};
			name = Debug;
		};
		6662C15C1B84DEE000D4997B /* Release */ = {
			isa = XCBuildConfiguration;
			buildSettings = {
				BUNDLE_LOADER = "$(TEST_HOST)";
				FRAMEWORK_SEARCH_PATHS = (
					"$(SDKROOT)/Developer/Library/Frameworks",
					"$(inherited)",
				);
				INFOPLIST_FILE = NewsyTests/Info.plist;
				LD_RUNPATH_SEARCH_PATHS = "$(inherited) @executable_path/Frameworks @loader_path/Frameworks";
				PRODUCT_NAME = "$(TARGET_NAME)";
				TEST_HOST = "$(BUILT_PRODUCTS_DIR)/Newsy.app/Newsy";
			};
			name = Release;
		};
/* End XCBuildConfiguration section */

/* Begin XCConfigurationList section */
		6662C1301B84DEE000D4997B /* Build configuration list for PBXProject "Newsy" */ = {
			isa = XCConfigurationList;
			buildConfigurations = (
				6662C1551B84DEE000D4997B /* Debug */,
				6662C1561B84DEE000D4997B /* Release */,
			);
			defaultConfigurationIsVisible = 0;
			defaultConfigurationName = Release;
		};
		6662C1571B84DEE000D4997B /* Build configuration list for PBXNativeTarget "Newsy" */ = {
			isa = XCConfigurationList;
			buildConfigurations = (
				6662C1581B84DEE000D4997B /* Debug */,
				6662C1591B84DEE000D4997B /* Release */,
			);
			defaultConfigurationIsVisible = 0;
		};
		6662C15A1B84DEE000D4997B /* Build configuration list for PBXNativeTarget "NewsyTests" */ = {
			isa = XCConfigurationList;
			buildConfigurations = (
				6662C15B1B84DEE000D4997B /* Debug */,
				6662C15C1B84DEE000D4997B /* Release */,
			);
			defaultConfigurationIsVisible = 0;
		};
/* End XCConfigurationList section */

/* Begin XCVersionGroup section */
		6662C13C1B84DEE000D4997B /* Newsy.xcdatamodeld */ = {
			isa = XCVersionGroup;
			children = (
				6662C13D1B84DEE000D4997B /* Newsy.xcdatamodel */,
			);
			currentVersion = 6662C13D1B84DEE000D4997B /* Newsy.xcdatamodel */;
			path = Newsy.xcdatamodeld;
			sourceTree = "<group>";
			versionGroupType = wrapper.xcdatamodel;
		};
/* End XCVersionGroup section */
	};
	rootObject = 6662C12D1B84DEE000D4997B /* Project object */;
}
