// !$*UTF8*$!
{
	archiveVersion = 1;
	classes = {
	};
	objectVersion = 46;
	objects = {

/* Begin PBXBuildFile section */
		6662C13B1B84DEE000D4997B /* AppDelegate.swift in Sources */ = {isa = PBXBuildFile; fileRef = 6662C13A1B84DEE000D4997B /* AppDelegate.swift */; };
		6662C13E1B84DEE000D4997B /* Newsy.xcdatamodeld in Sources */ = {isa = PBXBuildFile; fileRef = 6662C13C1B84DEE000D4997B /* Newsy.xcdatamodeld */; };
		6662C1401B84DEE000D4997B /* ViewController.swift in Sources */ = {isa = PBXBuildFile; fileRef = 6662C13F1B84DEE000D4997B /* ViewController.swift */; };
		6662C1431B84DEE000D4997B /* Main.storyboard in Resources */ = {isa = PBXBuildFile; fileRef = 6662C1411B84DEE000D4997B /* Main.storyboard */; };
		6662C1451B84DEE000D4997B /* Images.xcassets in Resources */ = {isa = PBXBuildFile; fileRef = 6662C1441B84DEE000D4997B /* Images.xcassets */; };
		6662C1481B84DEE000D4997B /* LaunchScreen.xib in Resources */ = {isa = PBXBuildFile; fileRef = 6662C1461B84DEE000D4997B /* LaunchScreen.xib */; };
		6662C1541B84DEE000D4997B /* NewsyTests.swift in Sources */ = {isa = PBXBuildFile; fileRef = 6662C1531B84DEE000D4997B /* NewsyTests.swift */; };
		666448BB1B851EB900DCBC67 /* AudioToolbox.framework in Frameworks */ = {isa = PBXBuildFile; fileRef = 666448BA1B851EB900DCBC67 /* AudioToolbox.framework */; };
		666448BD1B851EBE00DCBC67 /* CFNetwork.framework in Frameworks */ = {isa = PBXBuildFile; fileRef = 666448BC1B851EBE00DCBC67 /* CFNetwork.framework */; };
		666448BF1B851EC300DCBC67 /* CoreGraphics.framework in Frameworks */ = {isa = PBXBuildFile; fileRef = 666448BE1B851EC300DCBC67 /* CoreGraphics.framework */; };
		666448C11B851EC800DCBC67 /* CoreLocation.framework in Frameworks */ = {isa = PBXBuildFile; fileRef = 666448C01B851EC800DCBC67 /* CoreLocation.framework */; };
		666448C31B851ECE00DCBC67 /* QuartzCore.framework in Frameworks */ = {isa = PBXBuildFile; fileRef = 666448C21B851ECE00DCBC67 /* QuartzCore.framework */; };
		666448C51B851ED600DCBC67 /* Security.framework in Frameworks */ = {isa = PBXBuildFile; fileRef = 666448C41B851ED600DCBC67 /* Security.framework */; };
		666448C71B851EDC00DCBC67 /* StoreKit.framework in Frameworks */ = {isa = PBXBuildFile; fileRef = 666448C61B851EDB00DCBC67 /* StoreKit.framework */; };
		666448C91B851EE200DCBC67 /* SystemConfiguration.framework in Frameworks */ = {isa = PBXBuildFile; fileRef = 666448C81B851EE200DCBC67 /* SystemConfiguration.framework */; };
		666448CB1B851EEF00DCBC67 /* libstdc++.6.dylib in Frameworks */ = {isa = PBXBuildFile; fileRef = 666448CA1B851EEF00DCBC67 /* libstdc++.6.dylib */; };
		666448CD1B851EF600DCBC67 /* libz.dylib in Frameworks */ = {isa = PBXBuildFile; fileRef = 666448CC1B851EF600DCBC67 /* libz.dylib */; };
		666448CF1B851EFD00DCBC67 /* libsqlite3.dylib in Frameworks */ = {isa = PBXBuildFile; fileRef = 666448CE1B851EFD00DCBC67 /* libsqlite3.dylib */; };
		666448D11B851F0D00DCBC67 /* Accounts.framework in Frameworks */ = {isa = PBXBuildFile; fileRef = 666448D01B851F0D00DCBC67 /* Accounts.framework */; };
		666448D31B851F1300DCBC67 /* Social.framework in Frameworks */ = {isa = PBXBuildFile; fileRef = 666448D21B851F1300DCBC67 /* Social.framework */; };
		6680B7801B8603F7006E2A46 /* Feed.swift in Sources */ = {isa = PBXBuildFile; fileRef = 6680B77F1B8603F7006E2A46 /* Feed.swift */; };
		6680B7841B860743006E2A46 /* iphoneV21.json in Resources */ = {isa = PBXBuildFile; fileRef = 6680B7831B860743006E2A46 /* iphoneV21.json */; };
		6680B7861B86081C006E2A46 /* MapperTests.swift in Sources */ = {isa = PBXBuildFile; fileRef = 6680B7851B86081C006E2A46 /* MapperTests.swift */; };
		6680B7881B860837006E2A46 /* ServiceTests.swift in Sources */ = {isa = PBXBuildFile; fileRef = 6680B7871B860837006E2A46 /* ServiceTests.swift */; };
		6680B78B1B8609BC006E2A46 /* feeds.plist in Resources */ = {isa = PBXBuildFile; fileRef = 6680B78A1B8609BC006E2A46 /* feeds.plist */; };
		6680B78C1B860D92006E2A46 /* feeds.plist in Resources */ = {isa = PBXBuildFile; fileRef = 6680B78A1B8609BC006E2A46 /* feeds.plist */; };
		6680B78D1B862986006E2A46 /* Feed.swift in Sources */ = {isa = PBXBuildFile; fileRef = 6680B77F1B8603F7006E2A46 /* Feed.swift */; };
		6680B78E1B862B73006E2A46 /* iphoneV21.json in Resources */ = {isa = PBXBuildFile; fileRef = 6680B7831B860743006E2A46 /* iphoneV21.json */; };
		6680B7911B8636AE006E2A46 /* ABCNewsService.swift in Sources */ = {isa = PBXBuildFile; fileRef = 6680B7901B8636AE006E2A46 /* ABCNewsService.swift */; };
		6680B7931B8636CC006E2A46 /* NewsService.swift in Sources */ = {isa = PBXBuildFile; fileRef = 6680B7921B8636CC006E2A46 /* NewsService.swift */; };
		6680B7941B864B12006E2A46 /* ABCNewsService.swift in Sources */ = {isa = PBXBuildFile; fileRef = 6680B7901B8636AE006E2A46 /* ABCNewsService.swift */; };
		6680B7951B864B15006E2A46 /* NewsService.swift in Sources */ = {isa = PBXBuildFile; fileRef = 6680B7921B8636CC006E2A46 /* NewsService.swift */; };
		CC93AC4FB6EF1ADFCEB7D26A /* Pods_Newsy.framework in Frameworks */ = {isa = PBXBuildFile; fileRef = 74DB296ADBA56F3DCC0E5D75 /* Pods_Newsy.framework */; settings = {ATTRIBUTES = (Weak, ); }; };
/* End PBXBuildFile section */

/* Begin PBXContainerItemProxy section */
		6662C14E1B84DEE000D4997B /* PBXContainerItemProxy */ = {
			isa = PBXContainerItemProxy;
			containerPortal = 6662C12D1B84DEE000D4997B /* Project object */;
			proxyType = 1;
			remoteGlobalIDString = 6662C1341B84DEE000D4997B;
			remoteInfo = Newsy;
		};
/* End PBXContainerItemProxy section */

/* Begin PBXFileReference section */
		0CA4115989F5562EB2FB5AEC /* Pods-Newsy.debug.xcconfig */ = {isa = PBXFileReference; includeInIndex = 1; lastKnownFileType = text.xcconfig; name = "Pods-Newsy.debug.xcconfig"; path = "Pods/Target Support Files/Pods-Newsy/Pods-Newsy.debug.xcconfig"; sourceTree = "<group>"; };
		6662C1351B84DEE000D4997B /* Newsy.app */ = {isa = PBXFileReference; explicitFileType = wrapper.application; includeInIndex = 0; path = Newsy.app; sourceTree = BUILT_PRODUCTS_DIR; };
		6662C1391B84DEE000D4997B /* Info.plist */ = {isa = PBXFileReference; lastKnownFileType = text.plist.xml; path = Info.plist; sourceTree = "<group>"; };
		6662C13A1B84DEE000D4997B /* AppDelegate.swift */ = {isa = PBXFileReference; lastKnownFileType = sourcecode.swift; path = AppDelegate.swift; sourceTree = "<group>"; };
		6662C13D1B84DEE000D4997B /* Newsy.xcdatamodel */ = {isa = PBXFileReference; lastKnownFileType = wrapper.xcdatamodel; path = Newsy.xcdatamodel; sourceTree = "<group>"; };
		6662C13F1B84DEE000D4997B /* ViewController.swift */ = {isa = PBXFileReference; lastKnownFileType = sourcecode.swift; path = ViewController.swift; sourceTree = "<group>"; };
		6662C1421B84DEE000D4997B /* Base */ = {isa = PBXFileReference; lastKnownFileType = file.storyboard; name = Base; path = Base.lproj/Main.storyboard; sourceTree = "<group>"; };
		6662C1441B84DEE000D4997B /* Images.xcassets */ = {isa = PBXFileReference; lastKnownFileType = folder.assetcatalog; path = Images.xcassets; sourceTree = "<group>"; };
		6662C1471B84DEE000D4997B /* Base */ = {isa = PBXFileReference; lastKnownFileType = file.xib; name = Base; path = Base.lproj/LaunchScreen.xib; sourceTree = "<group>"; };
		6662C14D1B84DEE000D4997B /* NewsyTests.xctest */ = {isa = PBXFileReference; explicitFileType = wrapper.cfbundle; includeInIndex = 0; path = NewsyTests.xctest; sourceTree = BUILT_PRODUCTS_DIR; };
		6662C1521B84DEE000D4997B /* Info.plist */ = {isa = PBXFileReference; lastKnownFileType = text.plist.xml; path = Info.plist; sourceTree = "<group>"; };
		6662C1531B84DEE000D4997B /* NewsyTests.swift */ = {isa = PBXFileReference; lastKnownFileType = sourcecode.swift; path = NewsyTests.swift; sourceTree = "<group>"; };
		666448BA1B851EB900DCBC67 /* AudioToolbox.framework */ = {isa = PBXFileReference; lastKnownFileType = wrapper.framework; name = AudioToolbox.framework; path = System/Library/Frameworks/AudioToolbox.framework; sourceTree = SDKROOT; };
		666448BC1B851EBE00DCBC67 /* CFNetwork.framework */ = {isa = PBXFileReference; lastKnownFileType = wrapper.framework; name = CFNetwork.framework; path = System/Library/Frameworks/CFNetwork.framework; sourceTree = SDKROOT; };
		666448BE1B851EC300DCBC67 /* CoreGraphics.framework */ = {isa = PBXFileReference; lastKnownFileType = wrapper.framework; name = CoreGraphics.framework; path = System/Library/Frameworks/CoreGraphics.framework; sourceTree = SDKROOT; };
		666448C01B851EC800DCBC67 /* CoreLocation.framework */ = {isa = PBXFileReference; lastKnownFileType = wrapper.framework; name = CoreLocation.framework; path = System/Library/Frameworks/CoreLocation.framework; sourceTree = SDKROOT; };
		666448C21B851ECE00DCBC67 /* QuartzCore.framework */ = {isa = PBXFileReference; lastKnownFileType = wrapper.framework; name = QuartzCore.framework; path = System/Library/Frameworks/QuartzCore.framework; sourceTree = SDKROOT; };
		666448C41B851ED600DCBC67 /* Security.framework */ = {isa = PBXFileReference; lastKnownFileType = wrapper.framework; name = Security.framework; path = System/Library/Frameworks/Security.framework; sourceTree = SDKROOT; };
		666448C61B851EDB00DCBC67 /* StoreKit.framework */ = {isa = PBXFileReference; lastKnownFileType = wrapper.framework; name = StoreKit.framework; path = System/Library/Frameworks/StoreKit.framework; sourceTree = SDKROOT; };
		666448C81B851EE200DCBC67 /* SystemConfiguration.framework */ = {isa = PBXFileReference; lastKnownFileType = wrapper.framework; name = SystemConfiguration.framework; path = System/Library/Frameworks/SystemConfiguration.framework; sourceTree = SDKROOT; };
		666448CA1B851EEF00DCBC67 /* libstdc++.6.dylib */ = {isa = PBXFileReference; lastKnownFileType = "compiled.mach-o.dylib"; name = "libstdc++.6.dylib"; path = "usr/lib/libstdc++.6.dylib"; sourceTree = SDKROOT; };
		666448CC1B851EF600DCBC67 /* libz.dylib */ = {isa = PBXFileReference; lastKnownFileType = "compiled.mach-o.dylib"; name = libz.dylib; path = usr/lib/libz.dylib; sourceTree = SDKROOT; };
		666448CE1B851EFD00DCBC67 /* libsqlite3.dylib */ = {isa = PBXFileReference; lastKnownFileType = "compiled.mach-o.dylib"; name = libsqlite3.dylib; path = usr/lib/libsqlite3.dylib; sourceTree = SDKROOT; };
		666448D01B851F0D00DCBC67 /* Accounts.framework */ = {isa = PBXFileReference; lastKnownFileType = wrapper.framework; name = Accounts.framework; path = System/Library/Frameworks/Accounts.framework; sourceTree = SDKROOT; };
		666448D21B851F1300DCBC67 /* Social.framework */ = {isa = PBXFileReference; lastKnownFileType = wrapper.framework; name = Social.framework; path = System/Library/Frameworks/Social.framework; sourceTree = SDKROOT; };
		6680B77F1B8603F7006E2A46 /* Feed.swift */ = {isa = PBXFileReference; fileEncoding = 4; lastKnownFileType = sourcecode.swift; name = Feed.swift; path = Classes/Models/Feed.swift; sourceTree = "<group>"; };
		6680B7831B860743006E2A46 /* iphoneV21.json */ = {isa = PBXFileReference; fileEncoding = 4; lastKnownFileType = text.json; name = iphoneV21.json; path = Responses/iphoneV21.json; sourceTree = "<group>"; };
		6680B7851B86081C006E2A46 /* MapperTests.swift */ = {isa = PBXFileReference; fileEncoding = 4; lastKnownFileType = sourcecode.swift; path = MapperTests.swift; sourceTree = "<group>"; };
		6680B7871B860837006E2A46 /* ServiceTests.swift */ = {isa = PBXFileReference; fileEncoding = 4; lastKnownFileType = sourcecode.swift; path = ServiceTests.swift; sourceTree = "<group>"; };
		6680B78A1B8609BC006E2A46 /* feeds.plist */ = {isa = PBXFileReference; fileEncoding = 4; lastKnownFileType = text.plist.xml; name = feeds.plist; path = Config/feeds.plist; sourceTree = "<group>"; };
		6680B7901B8636AE006E2A46 /* ABCNewsService.swift */ = {isa = PBXFileReference; fileEncoding = 4; lastKnownFileType = sourcecode.swift; name = ABCNewsService.swift; path = Classes/Services/ABCNewsService.swift; sourceTree = "<group>"; };
		6680B7921B8636CC006E2A46 /* NewsService.swift */ = {isa = PBXFileReference; fileEncoding = 4; lastKnownFileType = sourcecode.swift; name = NewsService.swift; path = Classes/Services/NewsService.swift; sourceTree = "<group>"; };
		74DB296ADBA56F3DCC0E5D75 /* Pods_Newsy.framework */ = {isa = PBXFileReference; explicitFileType = wrapper.framework; includeInIndex = 0; path = Pods_Newsy.framework; sourceTree = BUILT_PRODUCTS_DIR; };
		E124B60CA4E1768F76062950 /* Pods-Newsy.release.xcconfig */ = {isa = PBXFileReference; includeInIndex = 1; lastKnownFileType = text.xcconfig; name = "Pods-Newsy.release.xcconfig"; path = "Pods/Target Support Files/Pods-Newsy/Pods-Newsy.release.xcconfig"; sourceTree = "<group>"; };
/* End PBXFileReference section */

/* Begin PBXFrameworksBuildPhase section */
		6662C1321B84DEE000D4997B /* Frameworks */ = {
			isa = PBXFrameworksBuildPhase;
			buildActionMask = 2147483647;
			files = (
				666448D31B851F1300DCBC67 /* Social.framework in Frameworks */,
				666448D11B851F0D00DCBC67 /* Accounts.framework in Frameworks */,
				666448CF1B851EFD00DCBC67 /* libsqlite3.dylib in Frameworks */,
				666448CD1B851EF600DCBC67 /* libz.dylib in Frameworks */,
				666448CB1B851EEF00DCBC67 /* libstdc++.6.dylib in Frameworks */,
				666448C91B851EE200DCBC67 /* SystemConfiguration.framework in Frameworks */,
				666448C71B851EDC00DCBC67 /* StoreKit.framework in Frameworks */,
				666448C51B851ED600DCBC67 /* Security.framework in Frameworks */,
				666448C31B851ECE00DCBC67 /* QuartzCore.framework in Frameworks */,
				666448C11B851EC800DCBC67 /* CoreLocation.framework in Frameworks */,
				666448BF1B851EC300DCBC67 /* CoreGraphics.framework in Frameworks */,
				666448BD1B851EBE00DCBC67 /* CFNetwork.framework in Frameworks */,
				666448BB1B851EB900DCBC67 /* AudioToolbox.framework in Frameworks */,
				CC93AC4FB6EF1ADFCEB7D26A /* Pods_Newsy.framework in Frameworks */,
			);
			runOnlyForDeploymentPostprocessing = 0;
		};
		6662C14A1B84DEE000D4997B /* Frameworks */ = {
			isa = PBXFrameworksBuildPhase;
			buildActionMask = 2147483647;
			files = (
			);
			runOnlyForDeploymentPostprocessing = 0;
		};
/* End PBXFrameworksBuildPhase section */

/* Begin PBXGroup section */
		3C4A877E99687E142C2C8B32 /* Pods */ = {
			isa = PBXGroup;
			children = (
				0CA4115989F5562EB2FB5AEC /* Pods-Newsy.debug.xcconfig */,
				E124B60CA4E1768F76062950 /* Pods-Newsy.release.xcconfig */,
			);
			name = Pods;
			sourceTree = "<group>";
		};
		6662C12C1B84DEDF00D4997B = {
			isa = PBXGroup;
			children = (
				6662C1371B84DEE000D4997B /* Newsy */,
				6662C1501B84DEE000D4997B /* NewsyTests */,
				6662C1361B84DEE000D4997B /* Products */,
				3C4A877E99687E142C2C8B32 /* Pods */,
				F8A5656E6B11B2C6436252A9 /* Frameworks */,
			);
			sourceTree = "<group>";
		};
		6662C1361B84DEE000D4997B /* Products */ = {
			isa = PBXGroup;
			children = (
				6662C1351B84DEE000D4997B /* Newsy.app */,
				6662C14D1B84DEE000D4997B /* NewsyTests.xctest */,
			);
			name = Products;
			sourceTree = "<group>";
		};
		6662C1371B84DEE000D4997B /* Newsy */ = {
			isa = PBXGroup;
			children = (
				6680B77C1B860369006E2A46 /* Classes */,
				6662C13A1B84DEE000D4997B /* AppDelegate.swift */,
				6662C13F1B84DEE000D4997B /* ViewController.swift */,
				6662C1411B84DEE000D4997B /* Main.storyboard */,
				6662C1441B84DEE000D4997B /* Images.xcassets */,
				6662C1461B84DEE000D4997B /* LaunchScreen.xib */,
				6662C13C1B84DEE000D4997B /* Newsy.xcdatamodeld */,
				6662C1381B84DEE000D4997B /* Supporting Files */,
			);
			path = Newsy;
			sourceTree = "<group>";
		};
		6662C1381B84DEE000D4997B /* Supporting Files */ = {
			isa = PBXGroup;
			children = (
				6680B7891B86099B006E2A46 /* Config */,
				6662C1391B84DEE000D4997B /* Info.plist */,
			);
			name = "Supporting Files";
			sourceTree = "<group>";
		};
		6662C1501B84DEE000D4997B /* NewsyTests */ = {
			isa = PBXGroup;
			children = (
				6662C1511B84DEE000D4997B /* Supporting Files */,
				6680B7821B860706006E2A46 /* Responses */,
				6662C1531B84DEE000D4997B /* NewsyTests.swift */,
				6680B7851B86081C006E2A46 /* MapperTests.swift */,
				6680B7871B860837006E2A46 /* ServiceTests.swift */,
			);
			path = NewsyTests;
			sourceTree = "<group>";
		};
		6662C1511B84DEE000D4997B /* Supporting Files */ = {
			isa = PBXGroup;
			children = (
				6662C1521B84DEE000D4997B /* Info.plist */,
			);
			name = "Supporting Files";
			sourceTree = "<group>";
		};
		6680B77C1B860369006E2A46 /* Classes */ = {
			isa = PBXGroup;
			children = (
				6680B78F1B86368B006E2A46 /* Services */,
				6680B7811B8603FC006E2A46 /* Models */,
			);
			name = Classes;
			sourceTree = "<group>";
		};
		6680B7811B8603FC006E2A46 /* Models */ = {
			isa = PBXGroup;
			children = (
				6680B77F1B8603F7006E2A46 /* Feed.swift */,
			);
			name = Models;
			sourceTree = "<group>";
		};
		6680B7821B860706006E2A46 /* Responses */ = {
			isa = PBXGroup;
			children = (
				6680B7831B860743006E2A46 /* iphoneV21.json */,
			);
			name = Responses;
			sourceTree = "<group>";
		};
		6680B7891B86099B006E2A46 /* Config */ = {
			isa = PBXGroup;
			children = (
				6680B78A1B8609BC006E2A46 /* feeds.plist */,
			);
			name = Config;
			path = NewsyTests;
			sourceTree = SOURCE_ROOT;
		};
		6680B78F1B86368B006E2A46 /* Services */ = {
			isa = PBXGroup;
			children = (
				6680B7901B8636AE006E2A46 /* ABCNewsService.swift */,
				6680B7921B8636CC006E2A46 /* NewsService.swift */,
			);
			name = Services;
			sourceTree = "<group>";
		};
		F8A5656E6B11B2C6436252A9 /* Frameworks */ = {
			isa = PBXGroup;
			children = (
				666448D21B851F1300DCBC67 /* Social.framework */,
				666448D01B851F0D00DCBC67 /* Accounts.framework */,
				666448CE1B851EFD00DCBC67 /* libsqlite3.dylib */,
				666448CC1B851EF600DCBC67 /* libz.dylib */,
				666448CA1B851EEF00DCBC67 /* libstdc++.6.dylib */,
				666448C81B851EE200DCBC67 /* SystemConfiguration.framework */,
				666448C61B851EDB00DCBC67 /* StoreKit.framework */,
				666448C41B851ED600DCBC67 /* Security.framework */,
				666448C21B851ECE00DCBC67 /* QuartzCore.framework */,
				666448C01B851EC800DCBC67 /* CoreLocation.framework */,
				666448BE1B851EC300DCBC67 /* CoreGraphics.framework */,
				666448BC1B851EBE00DCBC67 /* CFNetwork.framework */,
				666448BA1B851EB900DCBC67 /* AudioToolbox.framework */,
				74DB296ADBA56F3DCC0E5D75 /* Pods_Newsy.framework */,
			);
			name = Frameworks;
			sourceTree = "<group>";
		};
/* End PBXGroup section */

/* Begin PBXNativeTarget section */
		6662C1341B84DEE000D4997B /* Newsy */ = {
			isa = PBXNativeTarget;
			buildConfigurationList = 6662C1571B84DEE000D4997B /* Build configuration list for PBXNativeTarget "Newsy" */;
			buildPhases = (
				878751A29003510C93E9F03B /* Check Pods Manifest.lock */,
				6662C1311B84DEE000D4997B /* Sources */,
				6662C1321B84DEE000D4997B /* Frameworks */,
				6662C1331B84DEE000D4997B /* Resources */,
				BBEFAC47A4377E6180AAE666 /* Embed Pods Frameworks */,
				BD498F63EDBF58B9055DAB2F /* Copy Pods Resources */,
				666448D41B85213400DCBC67 /* ShellScript */,
			);
			buildRules = (
			);
			dependencies = (
			);
			name = Newsy;
			productName = Newsy;
			productReference = 6662C1351B84DEE000D4997B /* Newsy.app */;
			productType = "com.apple.product-type.application";
		};
		6662C14C1B84DEE000D4997B /* NewsyTests */ = {
			isa = PBXNativeTarget;
			buildConfigurationList = 6662C15A1B84DEE000D4997B /* Build configuration list for PBXNativeTarget "NewsyTests" */;
			buildPhases = (
				6662C1491B84DEE000D4997B /* Sources */,
				6662C14A1B84DEE000D4997B /* Frameworks */,
				6662C14B1B84DEE000D4997B /* Resources */,
			);
			buildRules = (
			);
			dependencies = (
				6662C14F1B84DEE000D4997B /* PBXTargetDependency */,
			);
			name = NewsyTests;
			productName = NewsyTests;
			productReference = 6662C14D1B84DEE000D4997B /* NewsyTests.xctest */;
			productType = "com.apple.product-type.bundle.unit-test";
		};
/* End PBXNativeTarget section */

/* Begin PBXProject section */
		6662C12D1B84DEE000D4997B /* Project object */ = {
			isa = PBXProject;
			attributes = {
				LastUpgradeCheck = 0640;
				ORGANIZATIONNAME = "Rock Solid Bits";
				TargetAttributes = {
					6662C1341B84DEE000D4997B = {
						CreatedOnToolsVersion = 6.4;
						DevelopmentTeam = HCG5E33E5U;
					};
					6662C14C1B84DEE000D4997B = {
						CreatedOnToolsVersion = 6.4;
						TestTargetID = 6662C1341B84DEE000D4997B;
					};
				};
			};
			buildConfigurationList = 6662C1301B84DEE000D4997B /* Build configuration list for PBXProject "Newsy" */;
			compatibilityVersion = "Xcode 3.2";
			developmentRegion = English;
			hasScannedForEncodings = 0;
			knownRegions = (
				en,
				Base,
			);
			mainGroup = 6662C12C1B84DEDF00D4997B;
			productRefGroup = 6662C1361B84DEE000D4997B /* Products */;
			projectDirPath = "";
			projectRoot = "";
			targets = (
				6662C1341B84DEE000D4997B /* Newsy */,
				6662C14C1B84DEE000D4997B /* NewsyTests */,
			);
		};
/* End PBXProject section */

/* Begin PBXResourcesBuildPhase section */
		6662C1331B84DEE000D4997B /* Resources */ = {
			isa = PBXResourcesBuildPhase;
			buildActionMask = 2147483647;
			files = (
				6680B78E1B862B73006E2A46 /* iphoneV21.json in Resources */,
				6680B78C1B860D92006E2A46 /* feeds.plist in Resources */,
				6662C1431B84DEE000D4997B /* Main.storyboard in Resources */,
				6662C1481B84DEE000D4997B /* LaunchScreen.xib in Resources */,
				6662C1451B84DEE000D4997B /* Images.xcassets in Resources */,
			);
			runOnlyForDeploymentPostprocessing = 0;
		};
		6662C14B1B84DEE000D4997B /* Resources */ = {
			isa = PBXResourcesBuildPhase;
			buildActionMask = 2147483647;
			files = (
				6680B78B1B8609BC006E2A46 /* feeds.plist in Resources */,
				6680B7841B860743006E2A46 /* iphoneV21.json in Resources */,
			);
			runOnlyForDeploymentPostprocessing = 0;
		};
/* End PBXResourcesBuildPhase section */

/* Begin PBXShellScriptBuildPhase section */
		666448D41B85213400DCBC67 /* ShellScript */ = {
			isa = PBXShellScriptBuildPhase;
			buildActionMask = 2147483647;
			files = (
			);
			inputPaths = (
			);
			outputPaths = (
			);
			runOnlyForDeploymentPostprocessing = 0;
			shellPath = /bin/sh;
			shellScript = "export PATH=/usr/local/bin:$PATH\ncd /Users/astro/code/ios/Newsy/Newsy/NewsyCloudCode\n\nparse symbols -p \"${DWARF_DSYM_FOLDER_PATH}/${DWARF_DSYM_FILE_NAME}\"";
		};
		878751A29003510C93E9F03B /* Check Pods Manifest.lock */ = {
			isa = PBXShellScriptBuildPhase;
			buildActionMask = 2147483647;
			files = (
			);
			inputPaths = (
			);
			name = "Check Pods Manifest.lock";
			outputPaths = (
			);
			runOnlyForDeploymentPostprocessing = 0;
			shellPath = /bin/sh;
			shellScript = "diff \"${PODS_ROOT}/../Podfile.lock\" \"${PODS_ROOT}/Manifest.lock\" > /dev/null\nif [[ $? != 0 ]] ; then\n    cat << EOM\nerror: The sandbox is not in sync with the Podfile.lock. Run 'pod install' or update your CocoaPods installation.\nEOM\n    exit 1\nfi\n";
			showEnvVarsInLog = 0;
		};
		BBEFAC47A4377E6180AAE666 /* Embed Pods Frameworks */ = {
			isa = PBXShellScriptBuildPhase;
			buildActionMask = 2147483647;
			files = (
			);
			inputPaths = (
			);
			name = "Embed Pods Frameworks";
			outputPaths = (
			);
			runOnlyForDeploymentPostprocessing = 0;
			shellPath = /bin/sh;
			shellScript = "\"${SRCROOT}/Pods/Target Support Files/Pods-Newsy/Pods-Newsy-frameworks.sh\"\n";
			showEnvVarsInLog = 0;
		};
		BD498F63EDBF58B9055DAB2F /* Copy Pods Resources */ = {
			isa = PBXShellScriptBuildPhase;
			buildActionMask = 2147483647;
			files = (
			);
			inputPaths = (
			);
			name = "Copy Pods Resources";
			outputPaths = (
			);
			runOnlyForDeploymentPostprocessing = 0;
			shellPath = /bin/sh;
			shellScript = "\"${SRCROOT}/Pods/Target Support Files/Pods-Newsy/Pods-Newsy-resources.sh\"\n";
			showEnvVarsInLog = 0;
		};
/* End PBXShellScriptBuildPhase section */

/* Begin PBXSourcesBuildPhase section */
		6662C1311B84DEE000D4997B /* Sources */ = {
			isa = PBXSourcesBuildPhase;
			buildActionMask = 2147483647;
			files = (
				6662C1401B84DEE000D4997B /* ViewController.swift in Sources */,
				6680B7801B8603F7006E2A46 /* Feed.swift in Sources */,
				6662C13E1B84DEE000D4997B /* Newsy.xcdatamodeld in Sources */,
				6680B7931B8636CC006E2A46 /* NewsService.swift in Sources */,
				6662C13B1B84DEE000D4997B /* AppDelegate.swift in Sources */,
				6680B7911B8636AE006E2A46 /* ABCNewsService.swift in Sources */,
			);
			runOnlyForDeploymentPostprocessing = 0;
		};
		6662C1491B84DEE000D4997B /* Sources */ = {
			isa = PBXSourcesBuildPhase;
			buildActionMask = 2147483647;
			files = (
				6680B7951B864B15006E2A46 /* NewsService.swift in Sources */,
				6680B7861B86081C006E2A46 /* MapperTests.swift in Sources */,
				6680B7941B864B12006E2A46 /* ABCNewsService.swift in Sources */,
				6680B78D1B862986006E2A46 /* Feed.swift in Sources */,
				6680B7881B860837006E2A46 /* ServiceTests.swift in Sources */,
				6662C1541B84DEE000D4997B /* NewsyTests.swift in Sources */,
			);
			runOnlyForDeploymentPostprocessing = 0;
		};
/* End PBXSourcesBuildPhase section */

/* Begin PBXTargetDependency section */
		6662C14F1B84DEE000D4997B /* PBXTargetDependency */ = {
			isa = PBXTargetDependency;
			target = 6662C1341B84DEE000D4997B /* Newsy */;
			targetProxy = 6662C14E1B84DEE000D4997B /* PBXContainerItemProxy */;
		};
/* End PBXTargetDependency section */

/* Begin PBXVariantGroup section */
		6662C1411B84DEE000D4997B /* Main.storyboard */ = {
			isa = PBXVariantGroup;
			children = (
				6662C1421B84DEE000D4997B /* Base */,
			);
			name = Main.storyboard;
			sourceTree = "<group>";
		};
		6662C1461B84DEE000D4997B /* LaunchScreen.xib */ = {
			isa = PBXVariantGroup;
			children = (
				6662C1471B84DEE000D4997B /* Base */,
			);
			name = LaunchScreen.xib;
			sourceTree = "<group>";
		};
/* End PBXVariantGroup section */

/* Begin XCBuildConfiguration section */
		6662C1551B84DEE000D4997B /* Debug */ = {
			isa = XCBuildConfiguration;
			buildSettings = {
				ALWAYS_SEARCH_USER_PATHS = NO;
				CLANG_CXX_LANGUAGE_STANDARD = "gnu++0x";
				CLANG_CXX_LIBRARY = "libc++";
				CLANG_ENABLE_MODULES = YES;
				CLANG_ENABLE_OBJC_ARC = YES;
				CLANG_WARN_BOOL_CONVERSION = YES;
				CLANG_WARN_CONSTANT_CONVERSION = YES;
				CLANG_WARN_DIRECT_OBJC_ISA_USAGE = YES_ERROR;
				CLANG_WARN_EMPTY_BODY = YES;
				CLANG_WARN_ENUM_CONVERSION = YES;
				CLANG_WARN_INT_CONVERSION = YES;
				CLANG_WARN_OBJC_ROOT_CLASS = YES_ERROR;
				CLANG_WARN_UNREACHABLE_CODE = YES;
				CLANG_WARN__DUPLICATE_METHOD_MATCH = YES;
				"CODE_SIGN_IDENTITY[sdk=iphoneos*]" = "iPhone Developer";
				COPY_PHASE_STRIP = NO;
				DEBUG_INFORMATION_FORMAT = "dwarf-with-dsym";
				ENABLE_STRICT_OBJC_MSGSEND = YES;
				GCC_C_LANGUAGE_STANDARD = gnu99;
				GCC_DYNAMIC_NO_PIC = NO;
				GCC_NO_COMMON_BLOCKS = YES;
				GCC_OPTIMIZATION_LEVEL = 0;
				GCC_PREPROCESSOR_DEFINITIONS = (
					"DEBUG=1",
					"$(inherited)",
				);
				GCC_SYMBOLS_PRIVATE_EXTERN = NO;
				GCC_WARN_64_TO_32_BIT_CONVERSION = YES;
				GCC_WARN_ABOUT_RETURN_TYPE = YES_ERROR;
				GCC_WARN_UNDECLARED_SELECTOR = YES;
				GCC_WARN_UNINITIALIZED_AUTOS = YES_AGGRESSIVE;
				GCC_WARN_UNUSED_FUNCTION = YES;
				GCC_WARN_UNUSED_VARIABLE = YES;
				IPHONEOS_DEPLOYMENT_TARGET = 8.4;
				MTL_ENABLE_DEBUG_INFO = YES;
				ONLY_ACTIVE_ARCH = YES;
				SDKROOT = iphoneos;
				SWIFT_OPTIMIZATION_LEVEL = "-Onone";
				TARGETED_DEVICE_FAMILY = "1,2";
			};
			name = Debug;
		};
		6662C1561B84DEE000D4997B /* Release */ = {
			isa = XCBuildConfiguration;
			buildSettings = {
				ALWAYS_SEARCH_USER_PATHS = NO;
				CLANG_CXX_LANGUAGE_STANDARD = "gnu++0x";
				CLANG_CXX_LIBRARY = "libc++";
				CLANG_ENABLE_MODULES = YES;
				CLANG_ENABLE_OBJC_ARC = YES;
				CLANG_WARN_BOOL_CONVERSION = YES;
				CLANG_WARN_CONSTANT_CONVERSION = YES;
				CLANG_WARN_DIRECT_OBJC_ISA_USAGE = YES_ERROR;
				CLANG_WARN_EMPTY_BODY = YES;
				CLANG_WARN_ENUM_CONVERSION = YES;
				CLANG_WARN_INT_CONVERSION = YES;
				CLANG_WARN_OBJC_ROOT_CLASS = YES_ERROR;
				CLANG_WARN_UNREACHABLE_CODE = YES;
				CLANG_WARN__DUPLICATE_METHOD_MATCH = YES;
				"CODE_SIGN_IDENTITY[sdk=iphoneos*]" = "iPhone Developer";
				COPY_PHASE_STRIP = NO;
				DEBUG_INFORMATION_FORMAT = "dwarf-with-dsym";
				ENABLE_NS_ASSERTIONS = NO;
				ENABLE_STRICT_OBJC_MSGSEND = YES;
				GCC_C_LANGUAGE_STANDARD = gnu99;
				GCC_NO_COMMON_BLOCKS = YES;
				GCC_WARN_64_TO_32_BIT_CONVERSION = YES;
				GCC_WARN_ABOUT_RETURN_TYPE = YES_ERROR;
				GCC_WARN_UNDECLARED_SELECTOR = YES;
				GCC_WARN_UNINITIALIZED_AUTOS = YES_AGGRESSIVE;
				GCC_WARN_UNUSED_FUNCTION = YES;
				GCC_WARN_UNUSED_VARIABLE = YES;
				IPHONEOS_DEPLOYMENT_TARGET = 8.4;
				MTL_ENABLE_DEBUG_INFO = NO;
				SDKROOT = iphoneos;
				TARGETED_DEVICE_FAMILY = "1,2";
				VALIDATE_PRODUCT = YES;
			};
			name = Release;
		};
		6662C1581B84DEE000D4997B /* Debug */ = {
			isa = XCBuildConfiguration;
			baseConfigurationReference = 0CA4115989F5562EB2FB5AEC /* Pods-Newsy.debug.xcconfig */;
			buildSettings = {
				ASSETCATALOG_COMPILER_APPICON_NAME = AppIcon;
				CODE_SIGN_IDENTITY = "iPhone Developer";
				"CODE_SIGN_IDENTITY[sdk=iphoneos*]" = "iPhone Developer";
				INFOPLIST_FILE = Newsy/Info.plist;
				LD_RUNPATH_SEARCH_PATHS = "$(inherited) @executable_path/Frameworks";
				PRODUCT_NAME = "$(TARGET_NAME)";
				PROVISIONING_PROFILE = "";
			};
			name = Debug;
		};
		6662C1591B84DEE000D4997B /* Release */ = {
			isa = XCBuildConfiguration;
			baseConfigurationReference = E124B60CA4E1768F76062950 /* Pods-Newsy.release.xcconfig */;
			buildSettings = {
				ASSETCATALOG_COMPILER_APPICON_NAME = AppIcon;
				CODE_SIGN_IDENTITY = "iPhone Developer";
				"CODE_SIGN_IDENTITY[sdk=iphoneos*]" = "iPhone Developer";
				INFOPLIST_FILE = Newsy/Info.plist;
				LD_RUNPATH_SEARCH_PATHS = "$(inherited) @executable_path/Frameworks";
				PRODUCT_NAME = "$(TARGET_NAME)";
				PROVISIONING_PROFILE = "";
			};
			name = Release;
		};
		6662C15B1B84DEE000D4997B /* Debug */ = {
			isa = XCBuildConfiguration;
			buildSettings = {
				BUNDLE_LOADER = "$(TEST_HOST)";
				FRAMEWORK_SEARCH_PATHS = (
					"$(SDKROOT)/Developer/Library/Frameworks",
					"$(inherited)",
				);
				GCC_PREPROCESSOR_DEFINITIONS = (
					"DEBUG=1",
					"$(inherited)",
				);
				INFOPLIST_FILE = NewsyTests/Info.plist;
				LD_RUNPATH_SEARCH_PATHS = "$(inherited) @executable_path/Frameworks @loader_path/Frameworks";
				PRODUCT_NAME = "$(TARGET_NAME)";
				TEST_HOST = "$(BUILT_PRODUCTS_DIR)/Newsy.app/Newsy";
			};
			name = Debug;
		};
		6662C15C1B84DEE000D4997B /* Release */ = {
			isa = XCBuildConfiguration;
			buildSettings = {
				BUNDLE_LOADER = "$(TEST_HOST)";
				FRAMEWORK_SEARCH_PATHS = (
					"$(SDKROOT)/Developer/Library/Frameworks",
					"$(inherited)",
				);
				INFOPLIST_FILE = NewsyTests/Info.plist;
				LD_RUNPATH_SEARCH_PATHS = "$(inherited) @executable_path/Frameworks @loader_path/Frameworks";
				PRODUCT_NAME = "$(TARGET_NAME)";
				TEST_HOST = "$(BUILT_PRODUCTS_DIR)/Newsy.app/Newsy";
			};
			name = Release;
		};
/* End XCBuildConfiguration section */

/* Begin XCConfigurationList section */
		6662C1301B84DEE000D4997B /* Build configuration list for PBXProject "Newsy" */ = {
			isa = XCConfigurationList;
			buildConfigurations = (
				6662C1551B84DEE000D4997B /* Debug */,
				6662C1561B84DEE000D4997B /* Release */,
			);
			defaultConfigurationIsVisible = 0;
			defaultConfigurationName = Release;
		};
		6662C1571B84DEE000D4997B /* Build configuration list for PBXNativeTarget "Newsy" */ = {
			isa = XCConfigurationList;
			buildConfigurations = (
				6662C1581B84DEE000D4997B /* Debug */,
				6662C1591B84DEE000D4997B /* Release */,
			);
			defaultConfigurationIsVisible = 0;
			defaultConfigurationName = Release;
		};
		6662C15A1B84DEE000D4997B /* Build configuration list for PBXNativeTarget "NewsyTests" */ = {
			isa = XCConfigurationList;
			buildConfigurations = (
				6662C15B1B84DEE000D4997B /* Debug */,
				6662C15C1B84DEE000D4997B /* Release */,
			);
			defaultConfigurationIsVisible = 0;
			defaultConfigurationName = Release;
		};
/* End XCConfigurationList section */

/* Begin XCVersionGroup section */
		6662C13C1B84DEE000D4997B /* Newsy.xcdatamodeld */ = {
			isa = XCVersionGroup;
			children = (
				6662C13D1B84DEE000D4997B /* Newsy.xcdatamodel */,
			);
			currentVersion = 6662C13D1B84DEE000D4997B /* Newsy.xcdatamodel */;
			path = Newsy.xcdatamodeld;
			sourceTree = "<group>";
			versionGroupType = wrapper.xcdatamodel;
		};
/* End XCVersionGroup section */
	};
	rootObject = 6662C12D1B84DEE000D4997B /* Project object */;
}
